{
  "name": "fmt",
  "lockfileVersion": 3,
  "requires": true,
  "packages": {
    "": {
      "dependencies": {
        "prettier": "^3.2.5",
        "prettier-plugin-astro": "^0.13.0",
        "prettier-plugin-tailwindcss": "^0.5.14"
      }
    },
    "node_modules/@astrojs/compiler": {
      "version": "1.8.2",
      "resolved": "https://registry.npmjs.org/@astrojs/compiler/-/compiler-1.8.2.tgz",
      "integrity": "sha512-o/ObKgtMzl8SlpIdzaxFnt7SATKPxu4oIP/1NL+HDJRzxfJcAkOTAb/ZKMRyULbz4q+1t2/DAebs2Z1QairkZw=="
    },
    "node_modules/prettier": {
      "version": "3.2.5",
      "resolved": "https://registry.npmjs.org/prettier/-/prettier-3.2.5.tgz",
      "integrity": "sha512-3/GWa9aOC0YeD7LUfvOG2NiDyhOWRvt1k+rcKhOuYnMY24iiCphgneUfJDyFXd6rZCAnuLBv6UeAULtrhT/F4A==",
      "bin": {
        "prettier": "bin/prettier.cjs"
      },
      "engines": {
        "node": ">=14"
      },
      "funding": {
        "url": "https://github.com/prettier/prettier?sponsor=1"
      }
    },
    "node_modules/prettier-plugin-astro": {
      "version": "0.13.0",
      "resolved": "https://registry.npmjs.org/prettier-plugin-astro/-/prettier-plugin-astro-0.13.0.tgz",
      "integrity": "sha512-5HrJNnPmZqTUNoA97zn4gNQv9BgVhv+et03314WpQ9H9N8m2L9OSV798olwmG2YLXPl1iSstlJCR1zB3x5xG4g==",
      "dependencies": {
        "@astrojs/compiler": "^1.5.5",
        "prettier": "^3.0.0",
        "sass-formatter": "^0.7.6"
      },
      "engines": {
        "node": "^14.15.0 || >=16.0.0"
      }
    },
    "node_modules/prettier-plugin-tailwindcss": {
      "version": "0.5.14",
      "resolved": "https://registry.npmjs.org/prettier-plugin-tailwindcss/-/prettier-plugin-tailwindcss-0.5.14.tgz",
      "integrity": "sha512-Puaz+wPUAhFp8Lo9HuciYKM2Y2XExESjeT+9NQoVFXZsPPnc9VYss2SpxdQ6vbatmt8/4+SN0oe0I1cPDABg9Q==",
      "engines": {
        "node": ">=14.21.3"
      },
      "peerDependencies": {
        "@ianvs/prettier-plugin-sort-imports": "*",
        "@prettier/plugin-pug": "*",
        "@shopify/prettier-plugin-liquid": "*",
        "@trivago/prettier-plugin-sort-imports": "*",
        "@zackad/prettier-plugin-twig-melody": "*",
        "prettier": "^3.0",
        "prettier-plugin-astro": "*",
        "prettier-plugin-css-order": "*",
        "prettier-plugin-import-sort": "*",
        "prettier-plugin-jsdoc": "*",
        "prettier-plugin-marko": "*",
        "prettier-plugin-organize-attributes": "*",
        "prettier-plugin-organize-imports": "*",
        "prettier-plugin-sort-imports": "*",
        "prettier-plugin-style-order": "*",
        "prettier-plugin-svelte": "*"
      },
      "peerDependenciesMeta": {
        "@ianvs/prettier-plugin-sort-imports": {
          "optional": true
        },
        "@prettier/plugin-pug": {
          "optional": true
        },
        "@shopify/prettier-plugin-liquid": {
          "optional": true
        },
        "@trivago/prettier-plugin-sort-imports": {
          "optional": true
        },
        "@zackad/prettier-plugin-twig-melody": {
          "optional": true
        },
        "prettier-plugin-astro": {
          "optional": true
        },
        "prettier-plugin-css-order": {
          "optional": true
        },
        "prettier-plugin-import-sort": {
          "optional": true
        },
        "prettier-plugin-jsdoc": {
          "optional": true
        },
        "prettier-plugin-marko": {
          "optional": true
        },
        "prettier-plugin-organize-attributes": {
          "optional": true
        },
        "prettier-plugin-organize-imports": {
          "optional": true
        },
        "prettier-plugin-sort-imports": {
          "optional": true
        },
        "prettier-plugin-style-order": {
          "optional": true
        },
        "prettier-plugin-svelte": {
          "optional": true
        }
      }
    },
    "node_modules/s.color": {
      "version": "0.0.15",
      "resolved": "https://registry.npmjs.org/s.color/-/s.color-0.0.15.tgz",
      "integrity": "sha512-AUNrbEUHeKY8XsYr/DYpl+qk5+aM+DChopnWOPEzn8YKzOhv4l2zH6LzZms3tOZP3wwdOyc0RmTciyi46HLIuA=="
    },
    "node_modules/sass-formatter": {
      "version": "0.7.9",
      "resolved": "https://registry.npmjs.org/sass-formatter/-/sass-formatter-0.7.9.tgz",
      "integrity": "sha512-CWZ8XiSim+fJVG0cFLStwDvft1VI7uvXdCNJYXhDvowiv+DsbD1nXLiQ4zrE5UBvj5DWZJ93cwN0NX5PMsr1Pw==",
      "dependencies": {
        "suf-log": "^2.5.3"
      }
    },
    "node_modules/suf-log": {
      "version": "2.5.3",
      "resolved": "https://registry.npmjs.org/suf-log/-/suf-log-2.5.3.tgz",
      "integrity": "sha512-KvC8OPjzdNOe+xQ4XWJV2whQA0aM1kGVczMQ8+dStAO6KfEB140JEVQ9dE76ONZ0/Ylf67ni4tILPJB41U0eow==",
      "dependencies": {
        "s.color": "0.0.15"
      }
    }
  }
}
